
Microsoft Visual Studio Solution File, Format Version 12.00
# Visual Studio Version 17
VisualStudioVersion = 17.9.34728.123
MinimumVisualStudioVersion = 10.0.40219.1
Project("{FAE04EC0-301F-11D3-BF4B-00C04F79EFBC}") = "GUI", "GUI.csproj", "{F14E5B57-9CE0-45B2-8588-10040B494151}"
EndProject
Project("{FAE04EC0-301F-11D3-BF4B-00C04F79EFBC}") = "DAO", "..\DAO\DAO.csproj", "{39C4AC83-23CB-42BB-86C6-759FAB008240}"
EndProject
Project("{FAE04EC0-301F-11D3-BF4B-00C04F79EFBC}") = "BUS", "..\BUS\BUS.csproj", "{E86224D1-9EDB-4231-8DBC-A7E76382112D}"
EndProject
Project("{FAE04EC0-301F-11D3-BF4B-00C04F79EFBC}") = "DTO", "..\DTO\DTO.csproj", "{8873B5CE-D86C-4E0C-8EC2-672E1FC5A200}"
EndProject
Global
	GlobalSection(SolutionConfigurationPlatforms) = preSolution
		Debug|Any CPU = Debug|Any CPU
		Release|Any CPU = Release|Any CPU
	EndGlobalSection
	GlobalSection(ProjectConfigurationPlatforms) = postSolution
		{F14E5B57-9CE0-45B2-8588-10040B494151}.Debug|Any CPU.ActiveCfg = Debug|Any CPU
		{F14E5B57-9CE0-45B2-8588-10040B494151}.Debug|Any CPU.Build.0 = Debug|Any CPU
		{F14E5B57-9CE0-45B2-8588-10040B494151}.Release|Any CPU.ActiveCfg = Release|Any CPU
		{F14E5B57-9CE0-45B2-8588-10040B494151}.Release|Any CPU.Build.0 = Release|Any CPU
		{39C4AC83-23CB-42BB-86C6-759FAB008240}.Debug|Any CPU.ActiveCfg = Debug|Any CPU
		{39C4AC83-23CB-42BB-86C6-759FAB008240}.Debug|Any CPU.Build.0 = Debug|Any CPU
		{39C4AC83-23CB-42BB-86C6-759FAB008240}.Release|Any CPU.ActiveCfg = Release|Any CPU
		{39C4AC83-23CB-42BB-86C6-759FAB008240}.Release|Any CPU.Build.0 = Release|Any CPU
		{E86224D1-9EDB-4231-8DBC-A7E76382112D}.Debug|Any CPU.ActiveCfg = Debug|Any CPU
		{E86224D1-9EDB-4231-8DBC-A7E76382112D}.Debug|Any CPU.Build.0 = Debug|Any CPU
		{E86224D1-9EDB-4231-8DBC-A7E76382112D}.Release|Any CPU.ActiveCfg = Release|Any CPU
		{E86224D1-9EDB-4231-8DBC-A7E76382112D}.Release|Any CPU.Build.0 = Release|Any CPU
		{8873B5CE-D86C-4E0C-8EC2-672E1FC5A200}.Debug|Any CPU.ActiveCfg = Debug|Any CPU
		{8873B5CE-D86C-4E0C-8EC2-672E1FC5A200}.Debug|Any CPU.Build.0 = Debug|Any CPU
		{8873B5CE-D86C-4E0C-8EC2-672E1FC5A200}.Release|Any CPU.ActiveCfg = Release|Any CPU
		{8873B5CE-D86C-4E0C-8EC2-672E1FC5A200}.Release|Any CPU.Build.0 = Release|Any CPU
	EndGlobalSection
	GlobalSection(SolutionProperties) = preSolution
		HideSolutionNode = FALSE
	EndGlobalSection
	GlobalSection(ExtensibilityGlobals) = postSolution
		SolutionGuid = {6A8C910A-341C-41A4-A45F-53FB8A511ED7}
	EndGlobalSection
EndGlobal
